
Microsoft Visual Studio Solution File, Format Version 11.00
# Visual Studio 2010
Project("{FAE04EC0-301F-11D3-BF4B-00C04F79EFBC}") = "Assembly-CSharp", "Assembly-CSharp.csproj", "{28703634-B67F-1FBD-9F92-F0A2A1BC99C2}"
EndProject
Project("{FAE04EC0-301F-11D3-BF4B-00C04F79EFBC}") = "Assembly-CSharp-firstpass", "Assembly-CSharp-firstpass.csproj", "{C600C689-5D7A-F352-4438-1EFFBEB7F6A4}"
EndProject
Project("{FAE04EC0-301F-11D3-BF4B-00C04F79EFBC}") = "Assembly-CSharp-Editor", "Assembly-CSharp-Editor.csproj", "{2F13775E-1B44-FD5A-CCCF-72E812A6A6D4}"
EndProject
Project("{FAE04EC0-301F-11D3-BF4B-00C04F79EFBC}") = "Assembly-CSharp-Editor-firstpass", "Assembly-CSharp-Editor-firstpass.csproj", "{0288F353-F4AE-5B20-A2D8-2A3B93A03810}"
EndProject
Global
	GlobalSection(SolutionConfigurationPlatforms) = preSolution
		Debug|Any CPU = Debug|Any CPU
		Release|Any CPU = Release|Any CPU
	EndGlobalSection
	GlobalSection(ProjectConfigurationPlatforms) = postSolution
		{28703634-B67F-1FBD-9F92-F0A2A1BC99C2}.Debug|Any CPU.ActiveCfg = Debug|Any CPU
		{28703634-B67F-1FBD-9F92-F0A2A1BC99C2}.Debug|Any CPU.Build.0 = Debug|Any CPU
		{28703634-B67F-1FBD-9F92-F0A2A1BC99C2}.Release|Any CPU.ActiveCfg = Release|Any CPU
		{28703634-B67F-1FBD-9F92-F0A2A1BC99C2}.Release|Any CPU.Build.0 = Release|Any CPU
		{C600C689-5D7A-F352-4438-1EFFBEB7F6A4}.Debug|Any CPU.ActiveCfg = Debug|Any CPU
		{C600C689-5D7A-F352-4438-1EFFBEB7F6A4}.Debug|Any CPU.Build.0 = Debug|Any CPU
		{C600C689-5D7A-F352-4438-1EFFBEB7F6A4}.Release|Any CPU.ActiveCfg = Release|Any CPU
		{C600C689-5D7A-F352-4438-1EFFBEB7F6A4}.Release|Any CPU.Build.0 = Release|Any CPU
		{2F13775E-1B44-FD5A-CCCF-72E812A6A6D4}.Debug|Any CPU.ActiveCfg = Debug|Any CPU
		{2F13775E-1B44-FD5A-CCCF-72E812A6A6D4}.Debug|Any CPU.Build.0 = Debug|Any CPU
		{2F13775E-1B44-FD5A-CCCF-72E812A6A6D4}.Release|Any CPU.ActiveCfg = Release|Any CPU
		{2F13775E-1B44-FD5A-CCCF-72E812A6A6D4}.Release|Any CPU.Build.0 = Release|Any CPU
		{0288F353-F4AE-5B20-A2D8-2A3B93A03810}.Debug|Any CPU.ActiveCfg = Debug|Any CPU
		{0288F353-F4AE-5B20-A2D8-2A3B93A03810}.Debug|Any CPU.Build.0 = Debug|Any CPU
		{0288F353-F4AE-5B20-A2D8-2A3B93A03810}.Release|Any CPU.ActiveCfg = Release|Any CPU
		{0288F353-F4AE-5B20-A2D8-2A3B93A03810}.Release|Any CPU.Build.0 = Release|Any CPU
	EndGlobalSection
	GlobalSection(SolutionProperties) = preSolution
		HideSolutionNode = FALSE
	EndGlobalSection
EndGlobal
